
Microsoft Visual Studio Solution File, Format Version 12.00
# Visual Studio Version 16
VisualStudioVersion = 16.0.31129.286
MinimumVisualStudioVersion = 10.0.40219.1
Project("{FAE04EC0-301F-11D3-BF4B-00C04F79EFBC}") = "JokesWebApp", "JokesWebApp\JokesWebApp.csproj", "{437EE5CD-6DDA-47B6-BF4A-8F20C47347D9}"
EndProject
Global
	GlobalSection(SolutionConfigurationPlatforms) = preSolution
		Debug|Any CPU = Debug|Any CPU
		Release|Any CPU = Release|Any CPU
	EndGlobalSection
	GlobalSection(ProjectConfigurationPlatforms) = postSolution
		{437EE5CD-6DDA-47B6-BF4A-8F20C47347D9}.Debug|Any CPU.ActiveCfg = Debug|Any CPU
		{437EE5CD-6DDA-47B6-BF4A-8F20C47347D9}.Debug|Any CPU.Build.0 = Debug|Any CPU
		{437EE5CD-6DDA-47B6-BF4A-8F20C47347D9}.Release|Any CPU.ActiveCfg = Release|Any CPU
		{437EE5CD-6DDA-47B6-BF4A-8F20C47347D9}.Release|Any CPU.Build.0 = Release|Any CPU
	EndGlobalSection
	GlobalSection(SolutionProperties) = preSolution
		HideSolutionNode = FALSE
	EndGlobalSection
	GlobalSection(ExtensibilityGlobals) = postSolution
		SolutionGuid = {A508C6C0-3EE7-40C8-8DA7-982240703CE1}
	EndGlobalSection
EndGlobal
